[renv]
Version=0.5.0-74

[R]
Version=3.5.0
Repositories=
	CRAN=https://cran.rstudio.com/

[R/Package/R6]
Package=R6
Version=2.4.0
Source=CRAN
RemoteType=cran
RemoteSha=2.4.0
RemoteRepos=list(CRAN = "https://cran.rstudio.com/")
RemotePkgType=binary
Hash=d9846a07f791017da39f28b51efe0a4f

[R/Package/Rcpp]
Package=Rcpp
Version=1.0.1
Source=CRAN
RemoteType=cran
RemoteSha=1.0.1
RemoteRepos=c(CRAN = "https://cran.rstudio.com/")
RemotePkgType=binary
Hash=eaf4723fc3af989bdc0e77279e9df355

[R/Package/assertthat]
Package=assertthat
Version=0.2.1
Source=CRAN
RemoteType=cran
RemoteSha=0.2.1
RemoteRepos=c(CRAN = "https://cran.rstudio.com")
RemotePkgType=binary
Hash=74ae12fc9bce0596a4f8e6b5bd7dcfe3

[R/Package/backports]
Package=backports
Version=1.1.4
Source=CRAN
RemoteType=cran
RemoteSha=1.1.4
RemoteRepos=structure(list(CRAN = "https://cran.rstudio.com/"), RStudio = TRUE)
RemotePkgType=binary
Hash=85d4c61cf811582e289db1b4f5ae79e2

[R/Package/brew]
Package=brew
Version=1.0-6
Source=CRAN
Hash=329122d89df869b70ed9bbd7ed7d4412

[R/Package/callr]
Package=callr
Version=3.3.0
Source=CRAN
Hash=b17a1ad7a3789c6ae795de986ca82230

[R/Package/cli]
Package=cli
Version=1.1.0
Source=CRAN
RemoteType=cran
RemoteSha=1.1.0
RemoteRepos=structure(list(CRAN = "https://cran.rstudio.com/"), RStudio = TRUE)
RemotePkgType=binary
Hash=11726591d2d30486ca4d530919351523

[R/Package/commonmark]
Package=commonmark
Version=1.7
Source=CRAN
RemoteType=cran
RemoteSha=1.7
RemoteRepos=structure(list(CRAN = "https://cran.rstudio.com/"), RStudio = TRUE)
RemotePkgType=binary
Hash=6d75f4907cdbc0f8895de3a75913062d

[R/Package/crayon]
Package=crayon
Version=1.3.4
Source=CRAN
Hash=1e93bda8f2b60a0defc85c82a39e2891

[R/Package/desc]
Package=desc
Version=1.2.0
Source=CRAN
Hash=fefdea6ff2d34eb3ea0f15f58262e0f1

[R/Package/digest]
Package=digest
Version=0.6.20
Source=CRAN
Hash=ee526dc5fbf649c15ce452a474543a4c

[R/Package/glue]
Package=glue
Version=1.3.1
Source=CRAN
RemoteType=cran
RemoteSha=1.3.1
RemoteRepos=structure(list(CRAN = "https://cran.rstudio.com/"), RStudio = TRUE)
RemotePkgType=binary
Hash=fef04e9bdeb2fa88a6c1259b38e2e1a5

[R/Package/magrittr]
Package=magrittr
Version=1.5
Source=CRAN
Hash=cb6367fec3fd68ff41424fe9797b8eaf

[R/Package/pkgbuild]
Package=pkgbuild
Version=1.0.3
Source=CRAN
RemoteType=cran
RemoteSha=1.0.3
RemoteRepos=structure(list(CRAN = "https://cran.rstudio.com/"), RStudio = TRUE)
RemotePkgType=binary
Hash=619641c3e14a8a6f51217a8c0fe53621

[R/Package/pkgload]
Package=pkgload
Version=1.0.2
Source=CRAN
RemoteType=cran
RemoteSha=1.0.2
RemoteRepos=structure(list(CRAN = "https://cran.rstudio.com/"), RStudio = TRUE)
RemotePkgType=binary
Hash=444c15f7f44f28ea9921425049a27c08

[R/Package/prettyunits]
Package=prettyunits
Version=1.0.2
Source=CRAN
RemoteType=cran
RemoteSha=1.0.2
RemoteRepos=list(CRAN = "https://cran.rstudio.com/")
RemotePkgType=binary
Hash=9ef9dbd6262e448cbc17cb32c3c966ef

[R/Package/processx]
Package=processx
Version=3.4.0
Source=CRAN
Hash=aa9028250afc6e1b8f935f0d08573aca

[R/Package/ps]
Package=ps
Version=1.3.0
Source=CRAN
RemoteType=cran
RemoteSha=1.3.0
RemoteRepos=list(CRAN = "https://cran.rstudio.com/")
RemotePkgType=binary
Hash=2448a55529bb69792639499e8dec9a89

[R/Package/purrr]
Package=purrr
Version=0.3.2
Source=CRAN
RemoteType=cran
RemoteSha=0.3.2
RemoteRepos=structure(list(CRAN = "https://cran.rstudio.com/"), RStudio = TRUE)
RemotePkgType=binary
Hash=50cc21287dc5da6426d09cf703b0d6ab

[R/Package/rlang]
Package=rlang
Version=0.4.0
Source=CRAN
Hash=e48086a0605a981e1deb719711d4be63

[R/Package/roxygen2]
Package=roxygen2
Version=6.1.1
Source=CRAN
RemoteType=cran
RemoteSha=6.1.1
RemoteRepos=structure(list(CRAN = "https://cran.rstudio.com/"), RStudio = TRUE)
RemotePkgType=binary
Hash=f96f61fca268454bd8fd689ccbb5ed30

[R/Package/rprojroot]
Package=rprojroot
Version=1.3-2
Source=CRAN
Hash=75611db569353a873f987f858b6f06dd

[R/Package/rstudioapi]
Package=rstudioapi
Version=0.10
Source=CRAN
RemoteType=cran
RemoteSha=0.10
RemoteRepos=list(CRAN = "https://cran.rstudio.com/")
RemotePkgType=binary
Hash=9e88095c86d7924b019c038fb9565f68

[R/Package/stringi]
Package=stringi
Version=1.4.3
Source=CRAN
RemoteType=cran
RemoteSha=1.4.3
RemoteRepos=list(CRAN = "https://cran.rstudio.com/")
RemotePkgType=binary
Hash=a255c4b28e739426260105adc37a662f

[R/Package/stringr]
Package=stringr
Version=1.4.0
Source=CRAN
RemoteType=cran
RemoteSha=1.4.0
RemoteRepos=list(CRAN = "https://cran.rstudio.com/")
RemotePkgType=binary
Hash=47915bb5b2e88fb90cfe5b9246f54926

[R/Package/withr]
Package=withr
Version=2.1.2
Source=CRAN
Hash=ce9ffa6d865ecaf6a56cacc811565e07

[R/Package/xml2]
Package=xml2
Version=1.2.0
Source=CRAN
Hash=fe28830040ea8a0cd9d41749b8f9f715

